
Microsoft Visual Studio Solution File, Format Version 12.00
# Visual Studio Version 16
VisualStudioVersion = 16.0.29613.14
MinimumVisualStudioVersion = 10.0.40219.1
Project("{FAE04EC0-301F-11D3-BF4B-00C04F79EFBC}") = "EFWorkforce", "EFWorkforce\EFWorkforce.csproj", "{01F26EE7-08AD-4A54-8E02-24FB7A7BAF9B}"
EndProject
Global
	GlobalSection(SolutionConfigurationPlatforms) = preSolution
		Debug|Any CPU = Debug|Any CPU
		Release|Any CPU = Release|Any CPU
	EndGlobalSection
	GlobalSection(ProjectConfigurationPlatforms) = postSolution
		{01F26EE7-08AD-4A54-8E02-24FB7A7BAF9B}.Debug|Any CPU.ActiveCfg = Debug|Any CPU
		{01F26EE7-08AD-4A54-8E02-24FB7A7BAF9B}.Debug|Any CPU.Build.0 = Debug|Any CPU
		{01F26EE7-08AD-4A54-8E02-24FB7A7BAF9B}.Release|Any CPU.ActiveCfg = Release|Any CPU
		{01F26EE7-08AD-4A54-8E02-24FB7A7BAF9B}.Release|Any CPU.Build.0 = Release|Any CPU
	EndGlobalSection
	GlobalSection(SolutionProperties) = preSolution
		HideSolutionNode = FALSE
	EndGlobalSection
	GlobalSection(ExtensibilityGlobals) = postSolution
		SolutionGuid = {635E71A9-9908-407E-AFB4-0AA3291D8B64}
	EndGlobalSection
EndGlobal
